PODS:
  - WBLEPrinterService (0.1.0)

DEPENDENCIES:
  - WBLEPrinterService (from `../`)

EXTERNAL SOURCES:
  WBLEPrinterService:
    :path: "../"

SPEC CHECKSUMS:
  WBLEPrinterService: 0fa2a88bdd316582d533a4202be2cd7a38d3461f

PODFILE CHECKSUM: 8488899affba36331b676634cd666a791909fd9f

COCOAPODS: 1.14.3
